# This file is autogenerated, do not edit; changes may be undone by the next 'dep ensure'.


[[projects]]
  digest = "1:8f18653ebbb51d8223ce56f8834f62bb1cb11d59d3ba4f661cc8dc69a059ccc4"
  name = "github.com/kardianos/service"
  packages = ["."]
  pruneopts = "UT"
  revision = "56787a3ea05e9b262708192e7ce3b500aba73561"
  version = "v1.0.0"

[[projects]]
  branch = "master"
  digest = "1:b94d966e64ecc0e4e9dbdd17dc10f398ce200f7414d980125a0b8b1de329151f"
  name = "golang.org/x/sys"
  packages = [
    "windows",
    "windows/registry",
    "windows/svc",
    "windows/svc/eventlog",
    "windows/svc/mgr",
  ]
  pruneopts = "UT"
  revision = "f49334f85ddcf0f08d7fb6dd7363e9e6d6b777eb"

[solve-meta]
  analyzer-name = "dep"
  analyzer-version = 1
  input-imports = ["github.com/kardianos/service"]
  solver-name = "gps-cdcl"
  solver-version = 1
